// !$*UTF8*$!
{
	archiveVersion = 1;
	classes = {
	};
	objectVersion = 77;
	objects = {

/* Begin PBXContainerItemProxy section */
		D09043292DB8C2D200CAEEB1 /* PBXContainerItemProxy */ = {
			isa = PBXContainerItemProxy;
			containerPortal = D09043122DB8C2D100CAEEB1 /* Project object */;
			proxyType = 1;
			remoteGlobalIDString = D09043192DB8C2D100CAEEB1;
			remoteInfo = OpenconnectGUI;
		};
		D09043332DB8C2D200CAEEB1 /* PBXContainerItemProxy */ = {
			isa = PBXContainerItemProxy;
			containerPortal = D09043122DB8C2D100CAEEB1 /* Project object */;
			proxyType = 1;
			remoteGlobalIDString = D09043192DB8C2D100CAEEB1;
			remoteInfo = OpenconnectGUI;
		};
/* End PBXContainerItemProxy section */

/* Begin PBXFileReference section */
		D090431A2DB8C2D100CAEEB1 /* OpenconnectGUI.app */ = {isa = PBXFileReference; explicitFileType = wrapper.application; includeInIndex = 0; path = OpenconnectGUI.app; sourceTree = BUILT_PRODUCTS_DIR; };
		D09043282DB8C2D200CAEEB1 /* OpenconnectGUITests.xctest */ = {isa = PBXFileReference; explicitFileType = wrapper.cfbundle; includeInIndex = 0; path = OpenconnectGUITests.xctest; sourceTree = BUILT_PRODUCTS_DIR; };
		D09043322DB8C2D200CAEEB1 /* OpenconnectGUIUITests.xctest */ = {isa = PBXFileReference; explicitFileType = wrapper.cfbundle; includeInIndex = 0; path = OpenconnectGUIUITests.xctest; sourceTree = BUILT_PRODUCTS_DIR; };
/* End PBXFileReference section */

/* Begin PBXFileSystemSynchronizedRootGroup section */
		D090431C2DB8C2D100CAEEB1 /* OpenconnectGUI */ = {
			isa = PBXFileSystemSynchronizedRootGroup;
			path = OpenconnectGUI;
			sourceTree = "<group>";
		};
		D090432B2DB8C2D200CAEEB1 /* OpenconnectGUITests */ = {
			isa = PBXFileSystemSynchronizedRootGroup;
			path = OpenconnectGUITests;
			sourceTree = "<group>";
		};
		D09043352DB8C2D200CAEEB1 /* OpenconnectGUIUITests */ = {
			isa = PBXFileSystemSynchronizedRootGroup;
			path = OpenconnectGUIUITests;
			sourceTree = "<group>";
		};
/* End PBXFileSystemSynchronizedRootGroup section */

/* Begin PBXFrameworksBuildPhase section */
		D09043172DB8C2D100CAEEB1 /* Frameworks */ = {
			isa = PBXFrameworksBuildPhase;
			buildActionMask = 2147483647;
			files = (
			);
			runOnlyForDeploymentPostprocessing = 0;
		};
		D09043252DB8C2D200CAEEB1 /* Frameworks */ = {
			isa = PBXFrameworksBuildPhase;
			buildActionMask = 2147483647;
			files = (
			);
			runOnlyForDeploymentPostprocessing = 0;
		};
		D090432F2DB8C2D200CAEEB1 /* Frameworks */ = {
			isa = PBXFrameworksBuildPhase;
			buildActionMask = 2147483647;
			files = (
			);
			runOnlyForDeploymentPostprocessing = 0;
		};
/* End PBXFrameworksBuildPhase section */

/* Begin PBXGroup section */
		D09043112DB8C2D100CAEEB1 = {
			isa = PBXGroup;
			children = (
				D090431C2DB8C2D100CAEEB1 /* OpenconnectGUI */,
				D090432B2DB8C2D200CAEEB1 /* OpenconnectGUITests */,
				D09043352DB8C2D200CAEEB1 /* OpenconnectGUIUITests */,
				D090431B2DB8C2D100CAEEB1 /* Products */,
			);
			sourceTree = "<group>";
		};
		D090431B2DB8C2D100CAEEB1 /* Products */ = {
			isa = PBXGroup;
			children = (
				D090431A2DB8C2D100CAEEB1 /* OpenconnectGUI.app */,
				D09043282DB8C2D200CAEEB1 /* OpenconnectGUITests.xctest */,
				D09043322DB8C2D200CAEEB1 /* OpenconnectGUIUITests.xctest */,
			);
			name = Products;
			sourceTree = "<group>";
		};
/* End PBXGroup section */

/* Begin PBXNativeTarget section */
		D09043192DB8C2D100CAEEB1 /* OpenconnectGUI */ = {
			isa = PBXNativeTarget;
			buildConfigurationList = D090433C2DB8C2D200CAEEB1 /* Build configuration list for PBXNativeTarget "OpenconnectGUI" */;
			buildPhases = (
				D09043162DB8C2D100CAEEB1 /* Sources */,
				D09043172DB8C2D100CAEEB1 /* Frameworks */,
				D09043182DB8C2D100CAEEB1 /* Resources */,
			);
			buildRules = (
			);
			dependencies = (
			);
			fileSystemSynchronizedGroups = (
				D090431C2DB8C2D100CAEEB1 /* OpenconnectGUI */,
			);
			name = OpenconnectGUI;
			packageProductDependencies = (
			);
			productName = OpenconnectGUI;
			productReference = D090431A2DB8C2D100CAEEB1 /* OpenconnectGUI.app */;
			productType = "com.apple.product-type.application";
		};
		D09043272DB8C2D200CAEEB1 /* OpenconnectGUITests */ = {
			isa = PBXNativeTarget;
			buildConfigurationList = D090433F2DB8C2D200CAEEB1 /* Build configuration list for PBXNativeTarget "OpenconnectGUITests" */;
			buildPhases = (
				D09043242DB8C2D200CAEEB1 /* Sources */,
				D09043252DB8C2D200CAEEB1 /* Frameworks */,
				D09043262DB8C2D200CAEEB1 /* Resources */,
			);
			buildRules = (
			);
			dependencies = (
				D090432A2DB8C2D200CAEEB1 /* PBXTargetDependency */,
			);
			fileSystemSynchronizedGroups = (
				D090432B2DB8C2D200CAEEB1 /* OpenconnectGUITests */,
			);
			name = OpenconnectGUITests;
			packageProductDependencies = (
			);
			productName = OpenconnectGUITests;
			productReference = D09043282DB8C2D200CAEEB1 /* OpenconnectGUITests.xctest */;
			productType = "com.apple.product-type.bundle.unit-test";
		};
		D09043312DB8C2D200CAEEB1 /* OpenconnectGUIUITests */ = {
			isa = PBXNativeTarget;
			buildConfigurationList = D09043422DB8C2D200CAEEB1 /* Build configuration list for PBXNativeTarget "OpenconnectGUIUITests" */;
			buildPhases = (
				D090432E2DB8C2D200CAEEB1 /* Sources */,
				D090432F2DB8C2D200CAEEB1 /* Frameworks */,
				D09043302DB8C2D200CAEEB1 /* Resources */,
			);
			buildRules = (
			);
			dependencies = (
				D09043342DB8C2D200CAEEB1 /* PBXTargetDependency */,
			);
			fileSystemSynchronizedGroups = (
				D09043352DB8C2D200CAEEB1 /* OpenconnectGUIUITests */,
			);
			name = OpenconnectGUIUITests;
			packageProductDependencies = (
			);
			productName = OpenconnectGUIUITests;
			productReference = D09043322DB8C2D200CAEEB1 /* OpenconnectGUIUITests.xctest */;
			productType = "com.apple.product-type.bundle.ui-testing";
		};
/* End PBXNativeTarget section */

/* Begin PBXProject section */
		D09043122DB8C2D100CAEEB1 /* Project object */ = {
			isa = PBXProject;
			attributes = {
				BuildIndependentTargetsInParallel = 1;
				LastSwiftUpdateCheck = 1630;
				LastUpgradeCheck = 1630;
				TargetAttributes = {
					D09043192DB8C2D100CAEEB1 = {
						CreatedOnToolsVersion = 16.3;
					};
					D09043272DB8C2D200CAEEB1 = {
						CreatedOnToolsVersion = 16.3;
						TestTargetID = D09043192DB8C2D100CAEEB1;
					};
					D09043312DB8C2D200CAEEB1 = {
						CreatedOnToolsVersion = 16.3;
						TestTargetID = D09043192DB8C2D100CAEEB1;
					};
				};
			};
			buildConfigurationList = D09043152DB8C2D100CAEEB1 /* Build configuration list for PBXProject "OpenconnectGUI" */;
			developmentRegion = en;
			hasScannedForEncodings = 0;
			knownRegions = (
				en,
				Base,
			);
			mainGroup = D09043112DB8C2D100CAEEB1;
			minimizedProjectReferenceProxies = 1;
			preferredProjectObjectVersion = 77;
			productRefGroup = D090431B2DB8C2D100CAEEB1 /* Products */;
			projectDirPath = "";
			projectRoot = "";
			targets = (
				D09043192DB8C2D100CAEEB1 /* OpenconnectGUI */,
				D09043272DB8C2D200CAEEB1 /* OpenconnectGUITests */,
				D09043312DB8C2D200CAEEB1 /* OpenconnectGUIUITests */,
			);
		};
/* End PBXProject section */

/* Begin PBXResourcesBuildPhase section */
		D09043182DB8C2D100CAEEB1 /* Resources */ = {
			isa = PBXResourcesBuildPhase;
			buildActionMask = 2147483647;
			files = (
			);
			runOnlyForDeploymentPostprocessing = 0;
		};
		D09043262DB8C2D200CAEEB1 /* Resources */ = {
			isa = PBXResourcesBuildPhase;
			buildActionMask = 2147483647;
			files = (
			);
			runOnlyForDeploymentPostprocessing = 0;
		};
		D09043302DB8C2D200CAEEB1 /* Resources */ = {
			isa = PBXResourcesBuildPhase;
			buildActionMask = 2147483647;
			files = (
			);
			runOnlyForDeploymentPostprocessing = 0;
		};
/* End PBXResourcesBuildPhase section */

/* Begin PBXSourcesBuildPhase section */
		D09043162DB8C2D100CAEEB1 /* Sources */ = {
			isa = PBXSourcesBuildPhase;
			buildActionMask = 2147483647;
			files = (
			);
			runOnlyForDeploymentPostprocessing = 0;
		};
		D09043242DB8C2D200CAEEB1 /* Sources */ = {
			isa = PBXSourcesBuildPhase;
			buildActionMask = 2147483647;
			files = (
			);
			runOnlyForDeploymentPostprocessing = 0;
		};
		D090432E2DB8C2D200CAEEB1 /* Sources */ = {
			isa = PBXSourcesBuildPhase;
			buildActionMask = 2147483647;
			files = (
			);
			runOnlyForDeploymentPostprocessing = 0;
		};
/* End PBXSourcesBuildPhase section */

/* Begin PBXTargetDependency section */
		D090432A2DB8C2D200CAEEB1 /* PBXTargetDependency */ = {
			isa = PBXTargetDependency;
			target = D09043192DB8C2D100CAEEB1 /* OpenconnectGUI */;
			targetProxy = D09043292DB8C2D200CAEEB1 /* PBXContainerItemProxy */;
		};
		D09043342DB8C2D200CAEEB1 /* PBXTargetDependency */ = {
			isa = PBXTargetDependency;
			target = D09043192DB8C2D100CAEEB1 /* OpenconnectGUI */;
			targetProxy = D09043332DB8C2D200CAEEB1 /* PBXContainerItemProxy */;
		};
/* End PBXTargetDependency section */

/* Begin XCBuildConfiguration section */
		D090433A2DB8C2D200CAEEB1 /* Debug */ = {
			isa = XCBuildConfiguration;
			buildSettings = {
				ALWAYS_SEARCH_USER_PATHS = NO;
				ASSETCATALOG_COMPILER_GENERATE_SWIFT_ASSET_SYMBOL_EXTENSIONS = YES;
				CLANG_ANALYZER_NONNULL = YES;
				CLANG_ANALYZER_NUMBER_OBJECT_CONVERSION = YES_AGGRESSIVE;
				CLANG_CXX_LANGUAGE_STANDARD = "gnu++20";
				CLANG_ENABLE_MODULES = YES;
				CLANG_ENABLE_OBJC_ARC = YES;
				CLANG_ENABLE_OBJC_WEAK = YES;
				CLANG_WARN_BLOCK_CAPTURE_AUTORELEASING = YES;
				CLANG_WARN_BOOL_CONVERSION = YES;
				CLANG_WARN_COMMA = YES;
				CLANG_WARN_CONSTANT_CONVERSION = YES;
				CLANG_WARN_DEPRECATED_OBJC_IMPLEMENTATIONS = YES;
				CLANG_WARN_DIRECT_OBJC_ISA_USAGE = YES_ERROR;
				CLANG_WARN_DOCUMENTATION_COMMENTS = YES;
				CLANG_WARN_EMPTY_BODY = YES;
				CLANG_WARN_ENUM_CONVERSION = YES;
				CLANG_WARN_INFINITE_RECURSION = YES;
				CLANG_WARN_INT_CONVERSION = YES;
				CLANG_WARN_NON_LITERAL_NULL_CONVERSION = YES;
				CLANG_WARN_OBJC_IMPLICIT_RETAIN_SELF = YES;
				CLANG_WARN_OBJC_LITERAL_CONVERSION = YES;
				CLANG_WARN_OBJC_ROOT_CLASS = YES_ERROR;
				CLANG_WARN_QUOTED_INCLUDE_IN_FRAMEWORK_HEADER = YES;
				CLANG_WARN_RANGE_LOOP_ANALYSIS = YES;
				CLANG_WARN_STRICT_PROTOTYPES = YES;
				CLANG_WARN_SUSPICIOUS_MOVE = YES;
				CLANG_WARN_UNGUARDED_AVAILABILITY = YES_AGGRESSIVE;
				CLANG_WARN_UNREACHABLE_CODE = YES;
				CLANG_WARN__DUPLICATE_METHOD_MATCH = YES;
				COPY_PHASE_STRIP = NO;
				DEBUG_INFORMATION_FORMAT = dwarf;
				DEVELOPMENT_TEAM = Z52WWU33MA;
				ENABLE_STRICT_OBJC_MSGSEND = YES;
				ENABLE_TESTABILITY = YES;
				ENABLE_USER_SCRIPT_SANDBOXING = YES;
				GCC_C_LANGUAGE_STANDARD = gnu17;
				GCC_DYNAMIC_NO_PIC = NO;
				GCC_NO_COMMON_BLOCKS = YES;
				GCC_OPTIMIZATION_LEVEL = 0;
				GCC_PREPROCESSOR_DEFINITIONS = (
					"DEBUG=1",
					"$(inherited)",
				);
				GCC_WARN_64_TO_32_BIT_CONVERSION = YES;
				GCC_WARN_ABOUT_RETURN_TYPE = YES_ERROR;
				GCC_WARN_UNDECLARED_SELECTOR = YES;
				GCC_WARN_UNINITIALIZED_AUTOS = YES_AGGRESSIVE;
				GCC_WARN_UNUSED_FUNCTION = YES;
				GCC_WARN_UNUSED_VARIABLE = YES;
				LOCALIZATION_PREFERS_STRING_CATALOGS = YES;
				MACOSX_DEPLOYMENT_TARGET = 15.4;
				MTL_ENABLE_DEBUG_INFO = INCLUDE_SOURCE;
				MTL_FAST_MATH = YES;
				ONLY_ACTIVE_ARCH = YES;
				SDKROOT = macosx;
				SWIFT_ACTIVE_COMPILATION_CONDITIONS = "DEBUG $(inherited)";
				SWIFT_OPTIMIZATION_LEVEL = "-Onone";
			};
			name = Debug;
		};
		D090433B2DB8C2D200CAEEB1 /* Release */ = {
			isa = XCBuildConfiguration;
			buildSettings = {
				ALWAYS_SEARCH_USER_PATHS = NO;
				ASSETCATALOG_COMPILER_GENERATE_SWIFT_ASSET_SYMBOL_EXTENSIONS = YES;
				CLANG_ANALYZER_NONNULL = YES;
				CLANG_ANALYZER_NUMBER_OBJECT_CONVERSION = YES_AGGRESSIVE;
				CLANG_CXX_LANGUAGE_STANDARD = "gnu++20";
				CLANG_ENABLE_MODULES = YES;
				CLANG_ENABLE_OBJC_ARC = YES;
				CLANG_ENABLE_OBJC_WEAK = YES;
				CLANG_WARN_BLOCK_CAPTURE_AUTORELEASING = YES;
				CLANG_WARN_BOOL_CONVERSION = YES;
				CLANG_WARN_COMMA = YES;
				CLANG_WARN_CONSTANT_CONVERSION = YES;
				CLANG_WARN_DEPRECATED_OBJC_IMPLEMENTATIONS = YES;
				CLANG_WARN_DIRECT_OBJC_ISA_USAGE = YES_ERROR;
				CLANG_WARN_DOCUMENTATION_COMMENTS = YES;
				CLANG_WARN_EMPTY_BODY = YES;
				CLANG_WARN_ENUM_CONVERSION = YES;
				CLANG_WARN_INFINITE_RECURSION = YES;
				CLANG_WARN_INT_CONVERSION = YES;
				CLANG_WARN_NON_LITERAL_NULL_CONVERSION = YES;
				CLANG_WARN_OBJC_IMPLICIT_RETAIN_SELF = YES;
				CLANG_WARN_OBJC_LITERAL_CONVERSION = YES;
				CLANG_WARN_OBJC_ROOT_CLASS = YES_ERROR;
				CLANG_WARN_QUOTED_INCLUDE_IN_FRAMEWORK_HEADER = YES;
				CLANG_WARN_RANGE_LOOP_ANALYSIS = YES;
				CLANG_WARN_STRICT_PROTOTYPES = YES;
				CLANG_WARN_SUSPICIOUS_MOVE = YES;
				CLANG_WARN_UNGUARDED_AVAILABILITY = YES_AGGRESSIVE;
				CLANG_WARN_UNREACHABLE_CODE = YES;
				CLANG_WARN__DUPLICATE_METHOD_MATCH = YES;
				COPY_PHASE_STRIP = NO;
				DEBUG_INFORMATION_FORMAT = "dwarf-with-dsym";
				DEVELOPMENT_TEAM = Z52WWU33MA;
				ENABLE_NS_ASSERTIONS = NO;
				ENABLE_STRICT_OBJC_MSGSEND = YES;
				ENABLE_USER_SCRIPT_SANDBOXING = YES;
				GCC_C_LANGUAGE_STANDARD = gnu17;
				GCC_NO_COMMON_BLOCKS = YES;
				GCC_WARN_64_TO_32_BIT_CONVERSION = YES;
				GCC_WARN_ABOUT_RETURN_TYPE = YES_ERROR;
				GCC_WARN_UNDECLARED_SELECTOR = YES;
				GCC_WARN_UNINITIALIZED_AUTOS = YES_AGGRESSIVE;
				GCC_WARN_UNUSED_FUNCTION = YES;
				GCC_WARN_UNUSED_VARIABLE = YES;
				LOCALIZATION_PREFERS_STRING_CATALOGS = YES;
				MACOSX_DEPLOYMENT_TARGET = 15.4;
				MTL_ENABLE_DEBUG_INFO = NO;
				MTL_FAST_MATH = YES;
				SDKROOT = macosx;
				SWIFT_COMPILATION_MODE = wholemodule;
			};
			name = Release;
		};
		D090433D2DB8C2D200CAEEB1 /* Debug */ = {
			isa = XCBuildConfiguration;
			buildSettings = {
				ASSETCATALOG_COMPILER_APPICON_NAME = AppIcon;
				ASSETCATALOG_COMPILER_GLOBAL_ACCENT_COLOR_NAME = AccentColor;
				CODE_SIGN_ENTITLEMENTS = OpenconnectGUI/OpenconnectGUI.entitlements;
				CODE_SIGN_STYLE = Automatic;
				COMBINE_HIDPI_IMAGES = YES;
				CURRENT_PROJECT_VERSION = 1;
				DEVELOPMENT_TEAM = Z52WWU33MA;
				ENABLE_HARDENED_RUNTIME = YES;
				ENABLE_PREVIEWS = YES;
				GENERATE_INFOPLIST_FILE = YES;
				INFOPLIST_KEY_NSHumanReadableCopyright = "";
				LD_RUNPATH_SEARCH_PATHS = (
					"$(inherited)",
					"@executable_path/../Frameworks",
				);
				MARKETING_VERSION = 1.0;
				PRODUCT_BUNDLE_IDENTIFIER = mjucha.OpenconnectGUI;
				PRODUCT_NAME = "$(TARGET_NAME)";
				REGISTER_APP_GROUPS = YES;
				SWIFT_EMIT_LOC_STRINGS = YES;
				SWIFT_VERSION = 5.0;
			};
			name = Debug;
		};
		D090433E2DB8C2D200CAEEB1 /* Release */ = {
			isa = XCBuildConfiguration;
			buildSettings = {
				ASSETCATALOG_COMPILER_APPICON_NAME = AppIcon;
				ASSETCATALOG_COMPILER_GLOBAL_ACCENT_COLOR_NAME = AccentColor;
				CODE_SIGN_ENTITLEMENTS = OpenconnectGUI/OpenconnectGUI.entitlements;
				CODE_SIGN_STYLE = Automatic;
				COMBINE_HIDPI_IMAGES = YES;
				CURRENT_PROJECT_VERSION = 1;
				DEVELOPMENT_TEAM = Z52WWU33MA;
				ENABLE_HARDENED_RUNTIME = YES;
				ENABLE_PREVIEWS = YES;
				GENERATE_INFOPLIST_FILE = YES;
				INFOPLIST_KEY_NSHumanReadableCopyright = "";
				LD_RUNPATH_SEARCH_PATHS = (
					"$(inherited)",
					"@executable_path/../Frameworks",
				);
				MARKETING_VERSION = 1.0;
				PRODUCT_BUNDLE_IDENTIFIER = mjucha.OpenconnectGUI;
				PRODUCT_NAME = "$(TARGET_NAME)";
				REGISTER_APP_GROUPS = YES;
				SWIFT_EMIT_LOC_STRINGS = YES;
				SWIFT_VERSION = 5.0;
			};
			name = Release;
		};
		D09043402DB8C2D200CAEEB1 /* Debug */ = {
			isa = XCBuildConfiguration;
			buildSettings = {
				BUNDLE_LOADER = "$(TEST_HOST)";
				CODE_SIGN_STYLE = Automatic;
				CURRENT_PROJECT_VERSION = 1;
				DEVELOPMENT_TEAM = Z52WWU33MA;
				GENERATE_INFOPLIST_FILE = YES;
				MACOSX_DEPLOYMENT_TARGET = 15.4;
				MARKETING_VERSION = 1.0;
				PRODUCT_BUNDLE_IDENTIFIER = mjucha.OpenconnectGUITests;
				PRODUCT_NAME = "$(TARGET_NAME)";
				SWIFT_EMIT_LOC_STRINGS = NO;
				SWIFT_VERSION = 5.0;
				TEST_HOST = "$(BUILT_PRODUCTS_DIR)/OpenconnectGUI.app/$(BUNDLE_EXECUTABLE_FOLDER_PATH)/OpenconnectGUI";
			};
			name = Debug;
		};
		D09043412DB8C2D200CAEEB1 /* Release */ = {
			isa = XCBuildConfiguration;
			buildSettings = {
				BUNDLE_LOADER = "$(TEST_HOST)";
				CODE_SIGN_STYLE = Automatic;
				CURRENT_PROJECT_VERSION = 1;
				DEVELOPMENT_TEAM = Z52WWU33MA;
				GENERATE_INFOPLIST_FILE = YES;
				MACOSX_DEPLOYMENT_TARGET = 15.4;
				MARKETING_VERSION = 1.0;
				PRODUCT_BUNDLE_IDENTIFIER = mjucha.OpenconnectGUITests;
				PRODUCT_NAME = "$(TARGET_NAME)";
				SWIFT_EMIT_LOC_STRINGS = NO;
				SWIFT_VERSION = 5.0;
				TEST_HOST = "$(BUILT_PRODUCTS_DIR)/OpenconnectGUI.app/$(BUNDLE_EXECUTABLE_FOLDER_PATH)/OpenconnectGUI";
			};
			name = Release;
		};
		D09043432DB8C2D200CAEEB1 /* Debug */ = {
			isa = XCBuildConfiguration;
			buildSettings = {
				CODE_SIGN_STYLE = Automatic;
				CURRENT_PROJECT_VERSION = 1;
				DEVELOPMENT_TEAM = Z52WWU33MA;
				GENERATE_INFOPLIST_FILE = YES;
				MARKETING_VERSION = 1.0;
				PRODUCT_BUNDLE_IDENTIFIER = mjucha.OpenconnectGUIUITests;
				PRODUCT_NAME = "$(TARGET_NAME)";
				SWIFT_EMIT_LOC_STRINGS = NO;
				SWIFT_VERSION = 5.0;
				TEST_TARGET_NAME = OpenconnectGUI;
			};
			name = Debug;
		};
		D09043442DB8C2D200CAEEB1 /* Release */ = {
			isa = XCBuildConfiguration;
			buildSettings = {
				CODE_SIGN_STYLE = Automatic;
				CURRENT_PROJECT_VERSION = 1;
				DEVELOPMENT_TEAM = Z52WWU33MA;
				GENERATE_INFOPLIST_FILE = YES;
				MARKETING_VERSION = 1.0;
				PRODUCT_BUNDLE_IDENTIFIER = mjucha.OpenconnectGUIUITests;
				PRODUCT_NAME = "$(TARGET_NAME)";
				SWIFT_EMIT_LOC_STRINGS = NO;
				SWIFT_VERSION = 5.0;
				TEST_TARGET_NAME = OpenconnectGUI;
			};
			name = Release;
		};
/* End XCBuildConfiguration section */

/* Begin XCConfigurationList section */
		D09043152DB8C2D100CAEEB1 /* Build configuration list for PBXProject "OpenconnectGUI" */ = {
			isa = XCConfigurationList;
			buildConfigurations = (
				D090433A2DB8C2D200CAEEB1 /* Debug */,
				D090433B2DB8C2D200CAEEB1 /* Release */,
			);
			defaultConfigurationIsVisible = 0;
			defaultConfigurationName = Release;
		};
		D090433C2DB8C2D200CAEEB1 /* Build configuration list for PBXNativeTarget "OpenconnectGUI" */ = {
			isa = XCConfigurationList;
			buildConfigurations = (
				D090433D2DB8C2D200CAEEB1 /* Debug */,
				D090433E2DB8C2D200CAEEB1 /* Release */,
			);
			defaultConfigurationIsVisible = 0;
			defaultConfigurationName = Release;
		};
		D090433F2DB8C2D200CAEEB1 /* Build configuration list for PBXNativeTarget "OpenconnectGUITests" */ = {
			isa = XCConfigurationList;
			buildConfigurations = (
				D09043402DB8C2D200CAEEB1 /* Debug */,
				D09043412DB8C2D200CAEEB1 /* Release */,
			);
			defaultConfigurationIsVisible = 0;
			defaultConfigurationName = Release;
		};
		D09043422DB8C2D200CAEEB1 /* Build configuration list for PBXNativeTarget "OpenconnectGUIUITests" */ = {
			isa = XCConfigurationList;
			buildConfigurations = (
				D09043432DB8C2D200CAEEB1 /* Debug */,
				D09043442DB8C2D200CAEEB1 /* Release */,
			);
			defaultConfigurationIsVisible = 0;
			defaultConfigurationName = Release;
		};
/* End XCConfigurationList section */
	};
	rootObject = D09043122DB8C2D100CAEEB1 /* Project object */;
}
